
Microsoft Visual Studio Solution File, Format Version 12.00
# Visual Studio Version 17
VisualStudioVersion = 17.11.35208.52
MinimumVisualStudioVersion = 10.0.40219.1
Project("{FAE04EC0-301F-11D3-BF4B-00C04F79EFBC}") = "Lib1", "Lib1.csproj", "{6715FC49-62B7-4E80-B073-FED0D7BC842D}"
EndProject
Global
	GlobalSection(SolutionConfigurationPlatforms) = preSolution
		Debug|Any CPU = Debug|Any CPU
		Release|Any CPU = Release|Any CPU
	EndGlobalSection
	GlobalSection(ProjectConfigurationPlatforms) = postSolution
		{6715FC49-62B7-4E80-B073-FED0D7BC842D}.Debug|Any CPU.ActiveCfg = Debug|Any CPU
		{6715FC49-62B7-4E80-B073-FED0D7BC842D}.Debug|Any CPU.Build.0 = Debug|Any CPU
		{6715FC49-62B7-4E80-B073-FED0D7BC842D}.Release|Any CPU.ActiveCfg = Release|Any CPU
		{6715FC49-62B7-4E80-B073-FED0D7BC842D}.Release|Any CPU.Build.0 = Release|Any CPU
	EndGlobalSection
	GlobalSection(SolutionProperties) = preSolution
		HideSolutionNode = FALSE
	EndGlobalSection
	GlobalSection(ExtensibilityGlobals) = postSolution
		SolutionGuid = {95474E03-2ED9-4D41-863A-339EB724BBD5}
	EndGlobalSection
EndGlobal
